
Microsoft Visual Studio Solution File, Format Version 12.00
# Visual Studio Version 16
VisualStudioVersion = 16.0.31129.286
MinimumVisualStudioVersion = 10.0.40219.1
Project("{FAE04EC0-301F-11D3-BF4B-00C04F79EFBC}") = "zetutrade", "zetutrade\zetutrade.csproj", "{D953E8DD-9654-4C53-9FF3-C6CF1B1B88CC}"
EndProject
Project("{FAE04EC0-301F-11D3-BF4B-00C04F79EFBC}") = "zetutrade_DataAccess", "zetutrade_DataAccess\zetutrade_DataAccess.csproj", "{89C9B63D-343A-40C9-8BFF-EBBDE0F72E13}"
EndProject
Project("{FAE04EC0-301F-11D3-BF4B-00C04F79EFBC}") = "zetutrade_Model", "zetutrade_Model\zetutrade_Model.csproj", "{B90A65CD-89DF-48F0-B790-D644D1F8A47F}"
EndProject
Global
	GlobalSection(SolutionConfigurationPlatforms) = preSolution
		Debug|Any CPU = Debug|Any CPU
		Release|Any CPU = Release|Any CPU
	EndGlobalSection
	GlobalSection(ProjectConfigurationPlatforms) = postSolution
		{D953E8DD-9654-4C53-9FF3-C6CF1B1B88CC}.Debug|Any CPU.ActiveCfg = Debug|Any CPU
		{D953E8DD-9654-4C53-9FF3-C6CF1B1B88CC}.Debug|Any CPU.Build.0 = Debug|Any CPU
		{D953E8DD-9654-4C53-9FF3-C6CF1B1B88CC}.Release|Any CPU.ActiveCfg = Release|Any CPU
		{D953E8DD-9654-4C53-9FF3-C6CF1B1B88CC}.Release|Any CPU.Build.0 = Release|Any CPU
		{89C9B63D-343A-40C9-8BFF-EBBDE0F72E13}.Debug|Any CPU.ActiveCfg = Debug|Any CPU
		{89C9B63D-343A-40C9-8BFF-EBBDE0F72E13}.Debug|Any CPU.Build.0 = Debug|Any CPU
		{89C9B63D-343A-40C9-8BFF-EBBDE0F72E13}.Release|Any CPU.ActiveCfg = Release|Any CPU
		{89C9B63D-343A-40C9-8BFF-EBBDE0F72E13}.Release|Any CPU.Build.0 = Release|Any CPU
		{B90A65CD-89DF-48F0-B790-D644D1F8A47F}.Debug|Any CPU.ActiveCfg = Debug|Any CPU
		{B90A65CD-89DF-48F0-B790-D644D1F8A47F}.Debug|Any CPU.Build.0 = Debug|Any CPU
		{B90A65CD-89DF-48F0-B790-D644D1F8A47F}.Release|Any CPU.ActiveCfg = Release|Any CPU
		{B90A65CD-89DF-48F0-B790-D644D1F8A47F}.Release|Any CPU.Build.0 = Release|Any CPU
	EndGlobalSection
	GlobalSection(SolutionProperties) = preSolution
		HideSolutionNode = FALSE
	EndGlobalSection
	GlobalSection(ExtensibilityGlobals) = postSolution
		SolutionGuid = {15047F59-4197-439F-B079-CCEF4F850DA4}
	EndGlobalSection
EndGlobal
